
Microsoft Visual Studio Solution File, Format Version 12.00
# Visual Studio Version 17
VisualStudioVersion = 17.9.34728.123
MinimumVisualStudioVersion = 10.0.40219.1
Project("{2150E333-8FDC-42A3-9474-1A3956D46DE8}") = "Services", "Services", "{6043466C-7A93-43E9-85CF-33A9955CDCD4}"
EndProject
Project("{2150E333-8FDC-42A3-9474-1A3956D46DE8}") = "Catalog", "Catalog", "{7D4F0B39-B74E-4548-BFDE-B6EFC09DD56D}"
EndProject
Project("{9A19103F-16F7-4668-BE54-9A1E7A4F7556}") = "Catalog.API", "Services\Catalog\Catalog.API\Catalog.API.csproj", "{1E6307E6-5D51-4C5F-83B4-55450070A052}"
EndProject
Project("{2150E333-8FDC-42A3-9474-1A3956D46DE8}") = "BuildingBlocks", "BuildingBlocks", "{EBF4D027-449D-4E15-9453-90D546686A7B}"
EndProject
Project("{9A19103F-16F7-4668-BE54-9A1E7A4F7556}") = "BuildingBlocks", "BuildingBlocks\BuildingBlocks\BuildingBlocks.csproj", "{74EB91C4-2663-4627-99EF-CF5B56E5519A}"
EndProject
Project("{E53339B2-1760-4266-BCC7-CA923CBCF16C}") = "docker-compose", "docker-compose.dcproj", "{CFF2B934-89E5-4BC0-88E2-C9D937DDA3BD}"
EndProject
Project("{2150E333-8FDC-42A3-9474-1A3956D46DE8}") = "Basket", "Basket", "{0E0C7991-83CB-4AC8-887B-A8D70CA4F1A3}"
EndProject
Project("{9A19103F-16F7-4668-BE54-9A1E7A4F7556}") = "Basket.API", "Services\Basket\Basket.API\Basket.API.csproj", "{74F3898F-B3DC-48F0-94C7-58A37BD86AB7}"
EndProject
Project("{2150E333-8FDC-42A3-9474-1A3956D46DE8}") = "Discount", "Discount", "{8C527545-DA0A-4A9D-8D09-3A55795F9528}"
EndProject
Project("{9A19103F-16F7-4668-BE54-9A1E7A4F7556}") = "Discount.Grpc", "Services\Discount\Discount.Grpc\Discount.Grpc.csproj", "{A0B2B7AF-F9E1-404C-BD95-4D26E8EFA395}"
EndProject
Project("{2150E333-8FDC-42A3-9474-1A3956D46DE8}") = "Ordering", "Ordering", "{8A71D1A6-0FF1-4835-8054-58E5C38063C8}"
EndProject
Project("{9A19103F-16F7-4668-BE54-9A1E7A4F7556}") = "Ordering.API", "Services\Ordering\Ordering.API\Ordering.API.csproj", "{CA5BB3CE-811A-4448-AE96-671D6E947967}"
EndProject
Project("{FAE04EC0-301F-11D3-BF4B-00C04F79EFBC}") = "Ordering.Domain", "Services\Ordering\Ordering.Domain\Ordering.Domain.csproj", "{A148E742-3707-483E-A49A-0D64BE6B75B0}"
EndProject
Project("{FAE04EC0-301F-11D3-BF4B-00C04F79EFBC}") = "Ordering.Application", "Services\Ordering\Ordering.Application\Ordering.Application.csproj", "{1BCDD6E3-65CA-4657-9692-4117F3CC955C}"
EndProject
Project("{FAE04EC0-301F-11D3-BF4B-00C04F79EFBC}") = "Ordering.Infrastructure", "Services\Ordering\Ordering.Infrastructure\Ordering.Infrastructure.csproj", "{FDA2FDF0-098C-46C6-968A-6CBA91019ABD}"
EndProject
Global
	GlobalSection(SolutionConfigurationPlatforms) = preSolution
		Debug|Any CPU = Debug|Any CPU
		Release|Any CPU = Release|Any CPU
	EndGlobalSection
	GlobalSection(ProjectConfigurationPlatforms) = postSolution
		{1E6307E6-5D51-4C5F-83B4-55450070A052}.Debug|Any CPU.ActiveCfg = Debug|Any CPU
		{1E6307E6-5D51-4C5F-83B4-55450070A052}.Debug|Any CPU.Build.0 = Debug|Any CPU
		{1E6307E6-5D51-4C5F-83B4-55450070A052}.Release|Any CPU.ActiveCfg = Release|Any CPU
		{1E6307E6-5D51-4C5F-83B4-55450070A052}.Release|Any CPU.Build.0 = Release|Any CPU
		{74EB91C4-2663-4627-99EF-CF5B56E5519A}.Debug|Any CPU.ActiveCfg = Debug|Any CPU
		{74EB91C4-2663-4627-99EF-CF5B56E5519A}.Debug|Any CPU.Build.0 = Debug|Any CPU
		{74EB91C4-2663-4627-99EF-CF5B56E5519A}.Release|Any CPU.ActiveCfg = Release|Any CPU
		{74EB91C4-2663-4627-99EF-CF5B56E5519A}.Release|Any CPU.Build.0 = Release|Any CPU
		{CFF2B934-89E5-4BC0-88E2-C9D937DDA3BD}.Debug|Any CPU.ActiveCfg = Debug|Any CPU
		{CFF2B934-89E5-4BC0-88E2-C9D937DDA3BD}.Debug|Any CPU.Build.0 = Debug|Any CPU
		{CFF2B934-89E5-4BC0-88E2-C9D937DDA3BD}.Release|Any CPU.ActiveCfg = Release|Any CPU
		{CFF2B934-89E5-4BC0-88E2-C9D937DDA3BD}.Release|Any CPU.Build.0 = Release|Any CPU
		{74F3898F-B3DC-48F0-94C7-58A37BD86AB7}.Debug|Any CPU.ActiveCfg = Debug|Any CPU
		{74F3898F-B3DC-48F0-94C7-58A37BD86AB7}.Debug|Any CPU.Build.0 = Debug|Any CPU
		{74F3898F-B3DC-48F0-94C7-58A37BD86AB7}.Release|Any CPU.ActiveCfg = Release|Any CPU
		{74F3898F-B3DC-48F0-94C7-58A37BD86AB7}.Release|Any CPU.Build.0 = Release|Any CPU
		{A0B2B7AF-F9E1-404C-BD95-4D26E8EFA395}.Debug|Any CPU.ActiveCfg = Debug|Any CPU
		{A0B2B7AF-F9E1-404C-BD95-4D26E8EFA395}.Debug|Any CPU.Build.0 = Debug|Any CPU
		{A0B2B7AF-F9E1-404C-BD95-4D26E8EFA395}.Release|Any CPU.ActiveCfg = Release|Any CPU
		{A0B2B7AF-F9E1-404C-BD95-4D26E8EFA395}.Release|Any CPU.Build.0 = Release|Any CPU
		{CA5BB3CE-811A-4448-AE96-671D6E947967}.Debug|Any CPU.ActiveCfg = Debug|Any CPU
		{CA5BB3CE-811A-4448-AE96-671D6E947967}.Debug|Any CPU.Build.0 = Debug|Any CPU
		{CA5BB3CE-811A-4448-AE96-671D6E947967}.Release|Any CPU.ActiveCfg = Release|Any CPU
		{CA5BB3CE-811A-4448-AE96-671D6E947967}.Release|Any CPU.Build.0 = Release|Any CPU
		{A148E742-3707-483E-A49A-0D64BE6B75B0}.Debug|Any CPU.ActiveCfg = Debug|Any CPU
		{A148E742-3707-483E-A49A-0D64BE6B75B0}.Debug|Any CPU.Build.0 = Debug|Any CPU
		{A148E742-3707-483E-A49A-0D64BE6B75B0}.Release|Any CPU.ActiveCfg = Release|Any CPU
		{A148E742-3707-483E-A49A-0D64BE6B75B0}.Release|Any CPU.Build.0 = Release|Any CPU
		{1BCDD6E3-65CA-4657-9692-4117F3CC955C}.Debug|Any CPU.ActiveCfg = Debug|Any CPU
		{1BCDD6E3-65CA-4657-9692-4117F3CC955C}.Debug|Any CPU.Build.0 = Debug|Any CPU
		{1BCDD6E3-65CA-4657-9692-4117F3CC955C}.Release|Any CPU.ActiveCfg = Release|Any CPU
		{1BCDD6E3-65CA-4657-9692-4117F3CC955C}.Release|Any CPU.Build.0 = Release|Any CPU
		{FDA2FDF0-098C-46C6-968A-6CBA91019ABD}.Debug|Any CPU.ActiveCfg = Debug|Any CPU
		{FDA2FDF0-098C-46C6-968A-6CBA91019ABD}.Debug|Any CPU.Build.0 = Debug|Any CPU
		{FDA2FDF0-098C-46C6-968A-6CBA91019ABD}.Release|Any CPU.ActiveCfg = Release|Any CPU
		{FDA2FDF0-098C-46C6-968A-6CBA91019ABD}.Release|Any CPU.Build.0 = Release|Any CPU
	EndGlobalSection
	GlobalSection(SolutionProperties) = preSolution
		HideSolutionNode = FALSE
	EndGlobalSection
	GlobalSection(NestedProjects) = preSolution
		{7D4F0B39-B74E-4548-BFDE-B6EFC09DD56D} = {6043466C-7A93-43E9-85CF-33A9955CDCD4}
		{1E6307E6-5D51-4C5F-83B4-55450070A052} = {7D4F0B39-B74E-4548-BFDE-B6EFC09DD56D}
		{74EB91C4-2663-4627-99EF-CF5B56E5519A} = {EBF4D027-449D-4E15-9453-90D546686A7B}
		{0E0C7991-83CB-4AC8-887B-A8D70CA4F1A3} = {6043466C-7A93-43E9-85CF-33A9955CDCD4}
		{74F3898F-B3DC-48F0-94C7-58A37BD86AB7} = {0E0C7991-83CB-4AC8-887B-A8D70CA4F1A3}
		{8C527545-DA0A-4A9D-8D09-3A55795F9528} = {6043466C-7A93-43E9-85CF-33A9955CDCD4}
		{A0B2B7AF-F9E1-404C-BD95-4D26E8EFA395} = {8C527545-DA0A-4A9D-8D09-3A55795F9528}
		{8A71D1A6-0FF1-4835-8054-58E5C38063C8} = {6043466C-7A93-43E9-85CF-33A9955CDCD4}
		{CA5BB3CE-811A-4448-AE96-671D6E947967} = {8A71D1A6-0FF1-4835-8054-58E5C38063C8}
		{A148E742-3707-483E-A49A-0D64BE6B75B0} = {8A71D1A6-0FF1-4835-8054-58E5C38063C8}
		{1BCDD6E3-65CA-4657-9692-4117F3CC955C} = {8A71D1A6-0FF1-4835-8054-58E5C38063C8}
		{FDA2FDF0-098C-46C6-968A-6CBA91019ABD} = {8A71D1A6-0FF1-4835-8054-58E5C38063C8}
	EndGlobalSection
	GlobalSection(ExtensibilityGlobals) = postSolution
		SolutionGuid = {98A12E1D-D09B-4195-8999-32951BBBF19C}
	EndGlobalSection
EndGlobal
