
Microsoft Visual Studio Solution File, Format Version 12.00
# Visual Studio Version 17
VisualStudioVersion = 17.9.34728.123
MinimumVisualStudioVersion = 10.0.40219.1
Project("{2150E333-8FDC-42A3-9474-1A3956D46DE8}") = "Services", "Services", "{6043466C-7A93-43E9-85CF-33A9955CDCD4}"
EndProject
Project("{2150E333-8FDC-42A3-9474-1A3956D46DE8}") = "Catalog", "Catalog", "{7D4F0B39-B74E-4548-BFDE-B6EFC09DD56D}"
EndProject
Project("{9A19103F-16F7-4668-BE54-9A1E7A4F7556}") = "Catalog.API", "Services\Catalog\Catalog.API\Catalog.API.csproj", "{1E6307E6-5D51-4C5F-83B4-55450070A052}"
EndProject
Project("{2150E333-8FDC-42A3-9474-1A3956D46DE8}") = "BuildingBlocks", "BuildingBlocks", "{EBF4D027-449D-4E15-9453-90D546686A7B}"
EndProject
Project("{9A19103F-16F7-4668-BE54-9A1E7A4F7556}") = "BuildingBlocks", "BuildingBlocks\BuildingBlocks\BuildingBlocks.csproj", "{74EB91C4-2663-4627-99EF-CF5B56E5519A}"
EndProject
Project("{E53339B2-1760-4266-BCC7-CA923CBCF16C}") = "docker-compose", "docker-compose.dcproj", "{CFF2B934-89E5-4BC0-88E2-C9D937DDA3BD}"
EndProject
Global
	GlobalSection(SolutionConfigurationPlatforms) = preSolution
		Debug|Any CPU = Debug|Any CPU
		Release|Any CPU = Release|Any CPU
	EndGlobalSection
	GlobalSection(ProjectConfigurationPlatforms) = postSolution
		{1E6307E6-5D51-4C5F-83B4-55450070A052}.Debug|Any CPU.ActiveCfg = Debug|Any CPU
		{1E6307E6-5D51-4C5F-83B4-55450070A052}.Debug|Any CPU.Build.0 = Debug|Any CPU
		{1E6307E6-5D51-4C5F-83B4-55450070A052}.Release|Any CPU.ActiveCfg = Release|Any CPU
		{1E6307E6-5D51-4C5F-83B4-55450070A052}.Release|Any CPU.Build.0 = Release|Any CPU
		{74EB91C4-2663-4627-99EF-CF5B56E5519A}.Debug|Any CPU.ActiveCfg = Debug|Any CPU
		{74EB91C4-2663-4627-99EF-CF5B56E5519A}.Debug|Any CPU.Build.0 = Debug|Any CPU
		{74EB91C4-2663-4627-99EF-CF5B56E5519A}.Release|Any CPU.ActiveCfg = Release|Any CPU
		{74EB91C4-2663-4627-99EF-CF5B56E5519A}.Release|Any CPU.Build.0 = Release|Any CPU
		{CFF2B934-89E5-4BC0-88E2-C9D937DDA3BD}.Debug|Any CPU.ActiveCfg = Debug|Any CPU
		{CFF2B934-89E5-4BC0-88E2-C9D937DDA3BD}.Debug|Any CPU.Build.0 = Debug|Any CPU
		{CFF2B934-89E5-4BC0-88E2-C9D937DDA3BD}.Release|Any CPU.ActiveCfg = Release|Any CPU
		{CFF2B934-89E5-4BC0-88E2-C9D937DDA3BD}.Release|Any CPU.Build.0 = Release|Any CPU
	EndGlobalSection
	GlobalSection(SolutionProperties) = preSolution
		HideSolutionNode = FALSE
	EndGlobalSection
	GlobalSection(NestedProjects) = preSolution
		{7D4F0B39-B74E-4548-BFDE-B6EFC09DD56D} = {6043466C-7A93-43E9-85CF-33A9955CDCD4}
		{1E6307E6-5D51-4C5F-83B4-55450070A052} = {7D4F0B39-B74E-4548-BFDE-B6EFC09DD56D}
		{74EB91C4-2663-4627-99EF-CF5B56E5519A} = {EBF4D027-449D-4E15-9453-90D546686A7B}
	EndGlobalSection
	GlobalSection(ExtensibilityGlobals) = postSolution
		SolutionGuid = {98A12E1D-D09B-4195-8999-32951BBBF19C}
	EndGlobalSection
EndGlobal
