
Microsoft Visual Studio Solution File, Format Version 12.00
# Visual Studio Version 17
VisualStudioVersion = 17.9.34728.123
MinimumVisualStudioVersion = 10.0.40219.1
Project("{2150E333-8FDC-42A3-9474-1A3956D46DE8}") = "Services", "Services", "{6043466C-7A93-43E9-85CF-33A9955CDCD4}"
EndProject
Project("{2150E333-8FDC-42A3-9474-1A3956D46DE8}") = "Catalog", "Catalog", "{7D4F0B39-B74E-4548-BFDE-B6EFC09DD56D}"
EndProject
Project("{FAE04EC0-301F-11D3-BF4B-00C04F79EFBC}") = "Catalog.API", "Services\Catalog\Catalog.API\Catalog.API.csproj", "{1E6307E6-5D51-4C5F-83B4-55450070A052}"
EndProject
Global
	GlobalSection(SolutionConfigurationPlatforms) = preSolution
		Debug|Any CPU = Debug|Any CPU
		Release|Any CPU = Release|Any CPU
	EndGlobalSection
	GlobalSection(ProjectConfigurationPlatforms) = postSolution
		{1E6307E6-5D51-4C5F-83B4-55450070A052}.Debug|Any CPU.ActiveCfg = Debug|Any CPU
		{1E6307E6-5D51-4C5F-83B4-55450070A052}.Debug|Any CPU.Build.0 = Debug|Any CPU
		{1E6307E6-5D51-4C5F-83B4-55450070A052}.Release|Any CPU.ActiveCfg = Release|Any CPU
		{1E6307E6-5D51-4C5F-83B4-55450070A052}.Release|Any CPU.Build.0 = Release|Any CPU
	EndGlobalSection
	GlobalSection(SolutionProperties) = preSolution
		HideSolutionNode = FALSE
	EndGlobalSection
	GlobalSection(NestedProjects) = preSolution
		{7D4F0B39-B74E-4548-BFDE-B6EFC09DD56D} = {6043466C-7A93-43E9-85CF-33A9955CDCD4}
		{1E6307E6-5D51-4C5F-83B4-55450070A052} = {7D4F0B39-B74E-4548-BFDE-B6EFC09DD56D}
	EndGlobalSection
	GlobalSection(ExtensibilityGlobals) = postSolution
		SolutionGuid = {98A12E1D-D09B-4195-8999-32951BBBF19C}
	EndGlobalSection
EndGlobal
